
Microsoft Visual Studio Solution File, Format Version 12.00
# Visual Studio Version 17
VisualStudioVersion = 17.7.34031.279
MinimumVisualStudioVersion = 10.0.40219.1
Project("{9A19103F-16F7-4668-BE54-9A1E7A4F7556}") = "GameOfLife", "GameOfLife.csproj", "{CCCCD2E0-A950-42A9-94A1-69BA56ECA071}"
EndProject
Project("{FAE04EC0-301F-11D3-BF4B-00C04F79EFBC}") = "GameOfLife.Tests", "..\GameOfLife.Tests\GameOfLife.Tests.csproj", "{C4633608-030D-4FCD-BD33-775A448F7806}"
EndProject
Global
	GlobalSection(SolutionConfigurationPlatforms) = preSolution
		Debug|Any CPU = Debug|Any CPU
		Release|Any CPU = Release|Any CPU
	EndGlobalSection
	GlobalSection(ProjectConfigurationPlatforms) = postSolution
		{CCCCD2E0-A950-42A9-94A1-69BA56ECA071}.Debug|Any CPU.ActiveCfg = Debug|Any CPU
		{CCCCD2E0-A950-42A9-94A1-69BA56ECA071}.Debug|Any CPU.Build.0 = Debug|Any CPU
		{CCCCD2E0-A950-42A9-94A1-69BA56ECA071}.Release|Any CPU.ActiveCfg = Release|Any CPU
		{CCCCD2E0-A950-42A9-94A1-69BA56ECA071}.Release|Any CPU.Build.0 = Release|Any CPU
		{C4633608-030D-4FCD-BD33-775A448F7806}.Debug|Any CPU.ActiveCfg = Debug|Any CPU
		{C4633608-030D-4FCD-BD33-775A448F7806}.Debug|Any CPU.Build.0 = Debug|Any CPU
		{C4633608-030D-4FCD-BD33-775A448F7806}.Release|Any CPU.ActiveCfg = Release|Any CPU
		{C4633608-030D-4FCD-BD33-775A448F7806}.Release|Any CPU.Build.0 = Release|Any CPU
	EndGlobalSection
	GlobalSection(SolutionProperties) = preSolution
		HideSolutionNode = FALSE
	EndGlobalSection
	GlobalSection(ExtensibilityGlobals) = postSolution
		SolutionGuid = {00E66F07-42BA-4289-9611-4C4C219E5A53}
	EndGlobalSection
EndGlobal
